{
  "name": "postcss-normalize",
  "version": "13.0.1",
  "lockfileVersion": 3,
  "requires": true,
  "packages": {
    "": {
      "name": "postcss-normalize",
      "version": "13.0.1",
      "license": "CC0-1.0",
      "dependencies": {
        "@csstools/normalize.css": "12.1.1",
        "postcss-browser-comments": "^6.0.1",
        "sanitize.css": "13.0.0"
      },
      "devDependencies": {
        "@csstools/postcss-tape": "^5.0.0",
        "browserslist": "^4.16.5",
        "postcss": "^8.4.31",
        "postcss-import": "^16.0.0",
        "rollup": "^4.21.2"
      },
      "engines": {
        "node": ">= 18"
      },
      "peerDependencies": {
        "browserslist": ">= 4",
        "postcss": ">= 8"
      }
    },
    "node_modules/@csstools/normalize.css": {
      "version": "12.1.1",
      "resolved": "https://registry.npmjs.org/@csstools/normalize.css/-/normalize.css-12.1.1.tgz",
      "integrity": "sha512-YAYeJ+Xqh7fUou1d1j9XHl44BmsuThiTr4iNrgCQ3J27IbhXsxXDGZ1cXv8Qvs99d4rBbLiSKy3+WZiet32PcQ==",
      "license": "CC0-1.0"
    },
    "node_modules/@csstools/postcss-tape": {
      "version": "5.0.0",
      "resolved": "https://registry.npmjs.org/@csstools/postcss-tape/-/postcss-tape-5.0.0.tgz",
      "integrity": "sha512-sgzZnQvzbO/+jW7dhzW0O9VRhzDA8HjijFU0X5kB7EzZVaEapiru9Kk44BrzPUQK9eSafkHKSXmYcEaCt0EWLQ==",
      "dev": true,
      "funding": [
        {
          "type": "github",
          "url": "https://github.com/sponsors/csstools"
        },
        {
          "type": "opencollective",
          "url": "https://opencollective.com/csstools"
        }
      ],
      "license": "MIT-0",
      "dependencies": {
        "postcss": "~8.4",
        "postcss-8.4": "npm:postcss@~8.4"
      },
      "engines": {
        "node": ">=18"
      }
    },
    "node_modules/@rollup/rollup-android-arm-eabi": {
      "version": "4.29.1",
      "resolved": "https://registry.npmjs.org/@rollup/rollup-android-arm-eabi/-/rollup-android-arm-eabi-4.29.1.tgz",
      "integrity": "sha512-ssKhA8RNltTZLpG6/QNkCSge+7mBQGUqJRisZ2MDQcEGaK93QESEgWK2iOpIDZ7k9zPVkG5AS3ksvD5ZWxmItw==",
      "cpu": [
        "arm"
      ],
      "dev": true,
      "license": "MIT",
      "optional": true,
      "os": [
        "android"
      ]
    },
    "node_modules/@rollup/rollup-android-arm64": {
      "version": "4.29.1",
      "resolved": "https://registry.npmjs.org/@rollup/rollup-android-arm64/-/rollup-android-arm64-4.29.1.tgz",
      "integrity": "sha512-CaRfrV0cd+NIIcVVN/jx+hVLN+VRqnuzLRmfmlzpOzB87ajixsN/+9L5xNmkaUUvEbI5BmIKS+XTwXsHEb65Ew==",
      "cpu": [
        "arm64"
      ],
      "dev": true,
      "license": "MIT",
      "optional": true,
      "os": [
        "android"
      ]
    },
    "node_modules/@rollup/rollup-darwin-arm64": {
      "version": "4.29.1",
      "resolved": "https://registry.npmjs.org/@rollup/rollup-darwin-arm64/-/rollup-darwin-arm64-4.29.1.tgz",
      "integrity": "sha512-2ORr7T31Y0Mnk6qNuwtyNmy14MunTAMx06VAPI6/Ju52W10zk1i7i5U3vlDRWjhOI5quBcrvhkCHyF76bI7kEw==",
      "cpu": [
        "arm64"
      ],
      "dev": true,
      "license": "MIT",
      "optional": true,
      "os": [
        "darwin"
      ]
    },
    "node_modules/@rollup/rollup-darwin-x64": {
      "version": "4.29.1",
      "resolved": "https://registry.npmjs.org/@rollup/rollup-darwin-x64/-/rollup-darwin-x64-4.29.1.tgz",
      "integrity": "sha512-j/Ej1oanzPjmN0tirRd5K2/nncAhS9W6ICzgxV+9Y5ZsP0hiGhHJXZ2JQ53iSSjj8m6cRY6oB1GMzNn2EUt6Ng==",
      "cpu": [
        "x64"
      ],
      "dev": true,
      "license": "MIT",
      "optional": true,
      "os": [
        "darwin"
      ]
    },
    "node_modules/@rollup/rollup-freebsd-arm64": {
      "version": "4.29.1",
      "resolved": "https://registry.npmjs.org/@rollup/rollup-freebsd-arm64/-/rollup-freebsd-arm64-4.29.1.tgz",
      "integrity": "sha512-91C//G6Dm/cv724tpt7nTyP+JdN12iqeXGFM1SqnljCmi5yTXriH7B1r8AD9dAZByHpKAumqP1Qy2vVNIdLZqw==",
      "cpu": [
        "arm64"
      ],
      "dev": true,
      "license": "MIT",
      "optional": true,
      "os": [
        "freebsd"
      ]
    },
    "node_modules/@rollup/rollup-freebsd-x64": {
      "version": "4.29.1",
      "resolved": "https://registry.npmjs.org/@rollup/rollup-freebsd-x64/-/rollup-freebsd-x64-4.29.1.tgz",
      "integrity": "sha512-hEioiEQ9Dec2nIRoeHUP6hr1PSkXzQaCUyqBDQ9I9ik4gCXQZjJMIVzoNLBRGet+hIUb3CISMh9KXuCcWVW/8w==",
      "cpu": [
        "x64"
      ],
      "dev": true,
      "license": "MIT",
      "optional": true,
      "os": [
        "freebsd"
      ]
    },
    "node_modules/@rollup/rollup-linux-arm-gnueabihf": {
      "version": "4.29.1",
      "resolved": "https://registry.npmjs.org/@rollup/rollup-linux-arm-gnueabihf/-/rollup-linux-arm-gnueabihf-4.29.1.tgz",
      "integrity": "sha512-Py5vFd5HWYN9zxBv3WMrLAXY3yYJ6Q/aVERoeUFwiDGiMOWsMs7FokXihSOaT/PMWUty/Pj60XDQndK3eAfE6A==",
      "cpu": [
        "arm"
      ],
      "dev": true,
      "license": "MIT",
      "optional": true,
      "os": [
        "linux"
      ]
    },
    "node_modules/@rollup/rollup-linux-arm-musleabihf": {
      "version": "4.29.1",
      "resolved": "https://registry.npmjs.org/@rollup/rollup-linux-arm-musleabihf/-/rollup-linux-arm-musleabihf-4.29.1.tgz",
      "integrity": "sha512-RiWpGgbayf7LUcuSNIbahr0ys2YnEERD4gYdISA06wa0i8RALrnzflh9Wxii7zQJEB2/Eh74dX4y/sHKLWp5uQ==",
      "cpu": [
        "arm"
      ],
      "dev": true,
      "license": "MIT",
      "optional": true,
      "os": [
        "linux"
      ]
    },
    "node_modules/@rollup/rollup-linux-arm64-gnu": {
      "version": "4.29.1",
      "resolved": "https://registry.npmjs.org/@rollup/rollup-linux-arm64-gnu/-/rollup-linux-arm64-gnu-4.29.1.tgz",
      "integrity": "sha512-Z80O+taYxTQITWMjm/YqNoe9d10OX6kDh8X5/rFCMuPqsKsSyDilvfg+vd3iXIqtfmp+cnfL1UrYirkaF8SBZA==",
      "cpu": [
        "arm64"
      ],
      "dev": true,
      "license": "MIT",
      "optional": true,
      "os": [
        "linux"
      ]
    },
    "node_modules/@rollup/rollup-linux-arm64-musl": {
      "version": "4.29.1",
      "resolved": "https://registry.npmjs.org/@rollup/rollup-linux-arm64-musl/-/rollup-linux-arm64-musl-4.29.1.tgz",
      "integrity": "sha512-fOHRtF9gahwJk3QVp01a/GqS4hBEZCV1oKglVVq13kcK3NeVlS4BwIFzOHDbmKzt3i0OuHG4zfRP0YoG5OF/rA==",
      "cpu": [
        "arm64"
      ],
      "dev": true,
      "license": "MIT",
      "optional": true,
      "os": [
        "linux"
      ]
    },
    "node_modules/@rollup/rollup-linux-loongarch64-gnu": {
      "version": "4.29.1",
      "resolved": "https://registry.npmjs.org/@rollup/rollup-linux-loongarch64-gnu/-/rollup-linux-loongarch64-gnu-4.29.1.tgz",
      "integrity": "sha512-5a7q3tnlbcg0OodyxcAdrrCxFi0DgXJSoOuidFUzHZ2GixZXQs6Tc3CHmlvqKAmOs5eRde+JJxeIf9DonkmYkw==",
      "cpu": [
        "loong64"
      ],
      "dev": true,
      "license": "MIT",
      "optional": true,
      "os": [
        "linux"
      ]
    },
    "node_modules/@rollup/rollup-linux-powerpc64le-gnu": {
      "version": "4.29.1",
      "resolved": "https://registry.npmjs.org/@rollup/rollup-linux-powerpc64le-gnu/-/rollup-linux-powerpc64le-gnu-4.29.1.tgz",
      "integrity": "sha512-9b4Mg5Yfz6mRnlSPIdROcfw1BU22FQxmfjlp/CShWwO3LilKQuMISMTtAu/bxmmrE6A902W2cZJuzx8+gJ8e9w==",
      "cpu": [
        "ppc64"
      ],
      "dev": true,
      "license": "MIT",
      "optional": true,
      "os": [
        "linux"
      ]
    },
    "node_modules/@rollup/rollup-linux-riscv64-gnu": {
      "version": "4.29.1",
      "resolved": "https://registry.npmjs.org/@rollup/rollup-linux-riscv64-gnu/-/rollup-linux-riscv64-gnu-4.29.1.tgz",
      "integrity": "sha512-G5pn0NChlbRM8OJWpJFMX4/i8OEU538uiSv0P6roZcbpe/WfhEO+AT8SHVKfp8qhDQzaz7Q+1/ixMy7hBRidnQ==",
      "cpu": [
        "riscv64"
      ],
      "dev": true,
      "license": "MIT",
      "optional": true,
      "os": [
        "linux"
      ]
    },
    "node_modules/@rollup/rollup-linux-s390x-gnu": {
      "version": "4.29.1",
      "resolved": "https://registry.npmjs.org/@rollup/rollup-linux-s390x-gnu/-/rollup-linux-s390x-gnu-4.29.1.tgz",
      "integrity": "sha512-WM9lIkNdkhVwiArmLxFXpWndFGuOka4oJOZh8EP3Vb8q5lzdSCBuhjavJsw68Q9AKDGeOOIHYzYm4ZFvmWez5g==",
      "cpu": [
        "s390x"
      ],
      "dev": true,
      "license": "MIT",
      "optional": true,
      "os": [
        "linux"
      ]
    },
    "node_modules/@rollup/rollup-linux-x64-gnu": {
      "version": "4.29.1",
      "resolved": "https://registry.npmjs.org/@rollup/rollup-linux-x64-gnu/-/rollup-linux-x64-gnu-4.29.1.tgz",
      "integrity": "sha512-87xYCwb0cPGZFoGiErT1eDcssByaLX4fc0z2nRM6eMtV9njAfEE6OW3UniAoDhX4Iq5xQVpE6qO9aJbCFumKYQ==",
      "cpu": [
        "x64"
      ],
      "dev": true,
      "license": "MIT",
      "optional": true,
      "os": [
        "linux"
      ]
    },
    "node_modules/@rollup/rollup-linux-x64-musl": {
      "version": "4.29.1",
      "resolved": "https://registry.npmjs.org/@rollup/rollup-linux-x64-musl/-/rollup-linux-x64-musl-4.29.1.tgz",
      "integrity": "sha512-xufkSNppNOdVRCEC4WKvlR1FBDyqCSCpQeMMgv9ZyXqqtKBfkw1yfGMTUTs9Qsl6WQbJnsGboWCp7pJGkeMhKA==",
      "cpu": [
        "x64"
      ],
      "dev": true,
      "license": "MIT",
      "optional": true,
      "os": [
        "linux"
      ]
    },
    "node_modules/@rollup/rollup-win32-arm64-msvc": {
      "version": "4.29.1",
      "resolved": "https://registry.npmjs.org/@rollup/rollup-win32-arm64-msvc/-/rollup-win32-arm64-msvc-4.29.1.tgz",
      "integrity": "sha512-F2OiJ42m77lSkizZQLuC+jiZ2cgueWQL5YC9tjo3AgaEw+KJmVxHGSyQfDUoYR9cci0lAywv2Clmckzulcq6ig==",
      "cpu": [
        "arm64"
      ],
      "dev": true,
      "license": "MIT",
      "optional": true,
      "os": [
        "win32"
      ]
    },
    "node_modules/@rollup/rollup-win32-ia32-msvc": {
      "version": "4.29.1",
      "resolved": "https://registry.npmjs.org/@rollup/rollup-win32-ia32-msvc/-/rollup-win32-ia32-msvc-4.29.1.tgz",
      "integrity": "sha512-rYRe5S0FcjlOBZQHgbTKNrqxCBUmgDJem/VQTCcTnA2KCabYSWQDrytOzX7avb79cAAweNmMUb/Zw18RNd4mng==",
      "cpu": [
        "ia32"
      ],
      "dev": true,
      "license": "MIT",
      "optional": true,
      "os": [
        "win32"
      ]
    },
    "node_modules/@rollup/rollup-win32-x64-msvc": {
      "version": "4.29.1",
      "resolved": "https://registry.npmjs.org/@rollup/rollup-win32-x64-msvc/-/rollup-win32-x64-msvc-4.29.1.tgz",
      "integrity": "sha512-+10CMg9vt1MoHj6x1pxyjPSMjHTIlqs8/tBztXvPAx24SKs9jwVnKqHJumlH/IzhaPUaj3T6T6wfZr8okdXaIg==",
      "cpu": [
        "x64"
      ],
      "dev": true,
      "license": "MIT",
      "optional": true,
      "os": [
        "win32"
      ]
    },
    "node_modules/@types/estree": {
      "version": "1.0.6",
      "resolved": "https://registry.npmjs.org/@types/estree/-/estree-1.0.6.tgz",
      "integrity": "sha512-AYnb1nQyY49te+VRAVgmzfcgjYS91mY5P0TKUDCLEM+gNnA+3T6rWITXRLYCpahpqSQbN5cE+gHpnPyXjHWxcw==",
      "dev": true,
      "license": "MIT"
    },
    "node_modules/browserslist": {
      "version": "4.24.3",
      "resolved": "https://registry.npmjs.org/browserslist/-/browserslist-4.24.3.tgz",
      "integrity": "sha512-1CPmv8iobE2fyRMV97dAcMVegvvWKxmq94hkLiAkUGwKVTyDLw33K+ZxiFrREKmmps4rIw6grcCFCnTMSZ/YiA==",
      "funding": [
        {
          "type": "opencollective",
          "url": "https://opencollective.com/browserslist"
        },
        {
          "type": "tidelift",
          "url": "https://tidelift.com/funding/github/npm/browserslist"
        },
        {
          "type": "github",
          "url": "https://github.com/sponsors/ai"
        }
      ],
      "license": "MIT",
      "dependencies": {
        "caniuse-lite": "^1.0.30001688",
        "electron-to-chromium": "^1.5.73",
        "node-releases": "^2.0.19",
        "update-browserslist-db": "^1.1.1"
      },
      "bin": {
        "browserslist": "cli.js"
      },
      "engines": {
        "node": "^6 || ^7 || ^8 || ^9 || ^10 || ^11 || ^12 || >=13.7"
      }
    },
    "node_modules/caniuse-lite": {
      "version": "1.0.30001690",
      "resolved": "https://registry.npmjs.org/caniuse-lite/-/caniuse-lite-1.0.30001690.tgz",
      "integrity": "sha512-5ExiE3qQN6oF8Clf8ifIDcMRCRE/dMGcETG/XGMD8/XiXm6HXQgQTh1yZYLXXpSOsEUlJm1Xr7kGULZTuGtP/w==",
      "funding": [
        {
          "type": "opencollective",
          "url": "https://opencollective.com/browserslist"
        },
        {
          "type": "tidelift",
          "url": "https://tidelift.com/funding/github/npm/caniuse-lite"
        },
        {
          "type": "github",
          "url": "https://github.com/sponsors/ai"
        }
      ],
      "license": "CC-BY-4.0"
    },
    "node_modules/electron-to-chromium": {
      "version": "1.5.76",
      "resolved": "https://registry.npmjs.org/electron-to-chromium/-/electron-to-chromium-1.5.76.tgz",
      "integrity": "sha512-CjVQyG7n7Sr+eBXE86HIulnL5N8xZY1sgmOPGuq/F0Rr0FJq63lg0kEtOIDfZBk44FnDLf6FUJ+dsJcuiUDdDQ==",
      "license": "ISC"
    },
    "node_modules/escalade": {
      "version": "3.2.0",
      "resolved": "https://registry.npmjs.org/escalade/-/escalade-3.2.0.tgz",
      "integrity": "sha512-WUj2qlxaQtO4g6Pq5c29GTcWGDyd8itL8zTlipgECz3JesAiiOKotd8JU6otB3PACgG6xkJUyVhboMS+bje/jA==",
      "license": "MIT",
      "engines": {
        "node": ">=6"
      }
    },
    "node_modules/fsevents": {
      "version": "2.3.3",
      "resolved": "https://registry.npmjs.org/fsevents/-/fsevents-2.3.3.tgz",
      "integrity": "sha512-5xoDfX+fL7faATnagmWPpbFtwh/R77WmMMqqHGS65C3vvB0YHrgF+B1YmZ3441tMj5n63k0212XNoJwzlhffQw==",
      "dev": true,
      "hasInstallScript": true,
      "license": "MIT",
      "optional": true,
      "os": [
        "darwin"
      ],
      "engines": {
        "node": "^8.16.0 || ^10.6.0 || >=11.0.0"
      }
    },
    "node_modules/function-bind": {
      "version": "1.1.2",
      "resolved": "https://registry.npmjs.org/function-bind/-/function-bind-1.1.2.tgz",
      "integrity": "sha512-7XHNxH7qX9xG5mIwxkhumTox/MIRNcOgDrxWsMt2pAr23WHp6MrRlN7FBSFpCpr+oVO0F744iUgR82nJMfG2SA==",
      "dev": true,
      "license": "MIT",
      "funding": {
        "url": "https://github.com/sponsors/ljharb"
      }
    },
    "node_modules/hasown": {
      "version": "2.0.2",
      "resolved": "https://registry.npmjs.org/hasown/-/hasown-2.0.2.tgz",
      "integrity": "sha512-0hJU9SCPvmMzIBdZFqNPXWa6dqh7WdH0cII9y+CyS8rG3nL48Bclra9HmKhVVUHyPWNH5Y7xDwAB7bfgSjkUMQ==",
      "dev": true,
      "license": "MIT",
      "dependencies": {
        "function-bind": "^1.1.2"
      },
      "engines": {
        "node": ">= 0.4"
      }
    },
    "node_modules/is-core-module": {
      "version": "2.16.1",
      "resolved": "https://registry.npmjs.org/is-core-module/-/is-core-module-2.16.1.tgz",
      "integrity": "sha512-UfoeMA6fIJ8wTYFEUjelnaGI67v6+N7qXJEvQuIGa99l4xsCruSYOVSQ0uPANn4dAzm8lkYPaKLrrijLq7x23w==",
      "dev": true,
      "license": "MIT",
      "dependencies": {
        "hasown": "^2.0.2"
      },
      "engines": {
        "node": ">= 0.4"
      },
      "funding": {
        "url": "https://github.com/sponsors/ljharb"
      }
    },
    "node_modules/nanoid": {
      "version": "3.3.8",
      "resolved": "https://registry.npmjs.org/nanoid/-/nanoid-3.3.8.tgz",
      "integrity": "sha512-WNLf5Sd8oZxOm+TzppcYk8gVOgP+l58xNy58D0nbUnOxOWRWvlcCV4kUF7ltmI6PsrLl/BgKEyS4mqsGChFN0w==",
      "funding": [
        {
          "type": "github",
          "url": "https://github.com/sponsors/ai"
        }
      ],
      "license": "MIT",
      "bin": {
        "nanoid": "bin/nanoid.cjs"
      },
      "engines": {
        "node": "^10 || ^12 || ^13.7 || ^14 || >=15.0.1"
      }
    },
    "node_modules/node-releases": {
      "version": "2.0.19",
      "resolved": "https://registry.npmjs.org/node-releases/-/node-releases-2.0.19.tgz",
      "integrity": "sha512-xxOWJsBKtzAq7DY0J+DTzuz58K8e7sJbdgwkbMWQe8UYB6ekmsQ45q0M/tJDsGaZmbC+l7n57UV8Hl5tHxO9uw==",
      "license": "MIT"
    },
    "node_modules/path-parse": {
      "version": "1.0.7",
      "resolved": "https://registry.npmjs.org/path-parse/-/path-parse-1.0.7.tgz",
      "integrity": "sha512-LDJzPVEEEPR+y48z93A0Ed0yXb8pAByGWo/k5YYdYgpY2/2EsOsksJrq7lOHxryrVOn1ejG6oAp8ahvOIQD8sw==",
      "dev": true,
      "license": "MIT"
    },
    "node_modules/picocolors": {
      "version": "1.1.1",
      "resolved": "https://registry.npmjs.org/picocolors/-/picocolors-1.1.1.tgz",
      "integrity": "sha512-xceH2snhtb5M9liqDsmEw56le376mTZkEX/jEb/RxNFyegNul7eNslCXP9FDj/Lcu0X8KEyMceP2ntpaHrDEVA==",
      "license": "ISC"
    },
    "node_modules/pify": {
      "version": "2.3.0",
      "resolved": "https://registry.npmjs.org/pify/-/pify-2.3.0.tgz",
      "integrity": "sha512-udgsAY+fTnvv7kI7aaxbqwWNb0AHiB0qBO89PZKPkoTmGOgdbrHDKD+0B2X4uTfJ/FT1R09r9gTsjUjNJotuog==",
      "dev": true,
      "license": "MIT",
      "engines": {
        "node": ">=0.10.0"
      }
    },
    "node_modules/postcss": {
      "version": "8.4.49",
      "resolved": "https://registry.npmjs.org/postcss/-/postcss-8.4.49.tgz",
      "integrity": "sha512-OCVPnIObs4N29kxTjzLfUryOkvZEq+pf8jTF0lg8E7uETuWHA+v7j3c/xJmiqpX450191LlmZfUKkXxkTry7nA==",
      "funding": [
        {
          "type": "opencollective",
          "url": "https://opencollective.com/postcss/"
        },
        {
          "type": "tidelift",
          "url": "https://tidelift.com/funding/github/npm/postcss"
        },
        {
          "type": "github",
          "url": "https://github.com/sponsors/ai"
        }
      ],
      "license": "MIT",
      "dependencies": {
        "nanoid": "^3.3.7",
        "picocolors": "^1.1.1",
        "source-map-js": "^1.2.1"
      },
      "engines": {
        "node": "^10 || ^12 || >=14"
      }
    },
    "node_modules/postcss-8.4": {
      "name": "postcss",
      "version": "8.4.49",
      "resolved": "https://registry.npmjs.org/postcss/-/postcss-8.4.49.tgz",
      "integrity": "sha512-OCVPnIObs4N29kxTjzLfUryOkvZEq+pf8jTF0lg8E7uETuWHA+v7j3c/xJmiqpX450191LlmZfUKkXxkTry7nA==",
      "dev": true,
      "funding": [
        {
          "type": "opencollective",
          "url": "https://opencollective.com/postcss/"
        },
        {
          "type": "tidelift",
          "url": "https://tidelift.com/funding/github/npm/postcss"
        },
        {
          "type": "github",
          "url": "https://github.com/sponsors/ai"
        }
      ],
      "license": "MIT",
      "dependencies": {
        "nanoid": "^3.3.7",
        "picocolors": "^1.1.1",
        "source-map-js": "^1.2.1"
      },
      "engines": {
        "node": "^10 || ^12 || >=14"
      }
    },
    "node_modules/postcss-browser-comments": {
      "version": "6.0.1",
      "resolved": "https://registry.npmjs.org/postcss-browser-comments/-/postcss-browser-comments-6.0.1.tgz",
      "integrity": "sha512-VE5mVLOW+L31a+Eyi7i5j7PmzOydObKLA9VwGBpTZy2OYB3XY1E7/xHxv4tURtEI/qb5h2TyyGHPhZ31sXOEXg==",
      "funding": [
        {
          "type": "github",
          "url": "https://github.com/sponsors/csstools"
        },
        {
          "type": "opencollective",
          "url": "https://opencollective.com/csstools"
        }
      ],
      "license": "MIT-0",
      "engines": {
        "node": ">=18"
      },
      "peerDependencies": {
        "browserslist": "^4.23.1",
        "postcss": "^8.4"
      }
    },
    "node_modules/postcss-import": {
      "version": "16.1.0",
      "resolved": "https://registry.npmjs.org/postcss-import/-/postcss-import-16.1.0.tgz",
      "integrity": "sha512-7hsAZ4xGXl4MW+OKEWCnF6T5jqBw80/EE9aXg1r2yyn1RsVEU8EtKXbijEODa+rg7iih4bKf7vlvTGYR4CnPNg==",
      "dev": true,
      "license": "MIT",
      "dependencies": {
        "postcss-value-parser": "^4.0.0",
        "read-cache": "^1.0.0",
        "resolve": "^1.1.7"
      },
      "engines": {
        "node": ">=18.0.0"
      },
      "peerDependencies": {
        "postcss": "^8.0.0"
      }
    },
    "node_modules/postcss-value-parser": {
      "version": "4.2.0",
      "resolved": "https://registry.npmjs.org/postcss-value-parser/-/postcss-value-parser-4.2.0.tgz",
      "integrity": "sha512-1NNCs6uurfkVbeXG4S8JFT9t19m45ICnif8zWLd5oPSZ50QnwMfK+H3jv408d4jw/7Bttv5axS5IiHoLaVNHeQ==",
      "dev": true,
      "license": "MIT"
    },
    "node_modules/read-cache": {
      "version": "1.0.0",
      "resolved": "https://registry.npmjs.org/read-cache/-/read-cache-1.0.0.tgz",
      "integrity": "sha512-Owdv/Ft7IjOgm/i0xvNDZ1LrRANRfew4b2prF3OWMQLxLfu3bS8FVhCsrSCMK4lR56Y9ya+AThoTpDCTxCmpRA==",
      "dev": true,
      "license": "MIT",
      "dependencies": {
        "pify": "^2.3.0"
      }
    },
    "node_modules/resolve": {
      "version": "1.22.10",
      "resolved": "https://registry.npmjs.org/resolve/-/resolve-1.22.10.tgz",
      "integrity": "sha512-NPRy+/ncIMeDlTAsuqwKIiferiawhefFJtkNSW0qZJEqMEb+qBt/77B/jGeeek+F0uOeN05CDa6HXbbIgtVX4w==",
      "dev": true,
      "license": "MIT",
      "dependencies": {
        "is-core-module": "^2.16.0",
        "path-parse": "^1.0.7",
        "supports-preserve-symlinks-flag": "^1.0.0"
      },
      "bin": {
        "resolve": "bin/resolve"
      },
      "engines": {
        "node": ">= 0.4"
      },
      "funding": {
        "url": "https://github.com/sponsors/ljharb"
      }
    },
    "node_modules/rollup": {
      "version": "4.29.1",
      "resolved": "https://registry.npmjs.org/rollup/-/rollup-4.29.1.tgz",
      "integrity": "sha512-RaJ45M/kmJUzSWDs1Nnd5DdV4eerC98idtUOVr6FfKcgxqvjwHmxc5upLF9qZU9EpsVzzhleFahrT3shLuJzIw==",
      "dev": true,
      "license": "MIT",
      "dependencies": {
        "@types/estree": "1.0.6"
      },
      "bin": {
        "rollup": "dist/bin/rollup"
      },
      "engines": {
        "node": ">=18.0.0",
        "npm": ">=8.0.0"
      },
      "optionalDependencies": {
        "@rollup/rollup-android-arm-eabi": "4.29.1",
        "@rollup/rollup-android-arm64": "4.29.1",
        "@rollup/rollup-darwin-arm64": "4.29.1",
        "@rollup/rollup-darwin-x64": "4.29.1",
        "@rollup/rollup-freebsd-arm64": "4.29.1",
        "@rollup/rollup-freebsd-x64": "4.29.1",
        "@rollup/rollup-linux-arm-gnueabihf": "4.29.1",
        "@rollup/rollup-linux-arm-musleabihf": "4.29.1",
        "@rollup/rollup-linux-arm64-gnu": "4.29.1",
        "@rollup/rollup-linux-arm64-musl": "4.29.1",
        "@rollup/rollup-linux-loongarch64-gnu": "4.29.1",
        "@rollup/rollup-linux-powerpc64le-gnu": "4.29.1",
        "@rollup/rollup-linux-riscv64-gnu": "4.29.1",
        "@rollup/rollup-linux-s390x-gnu": "4.29.1",
        "@rollup/rollup-linux-x64-gnu": "4.29.1",
        "@rollup/rollup-linux-x64-musl": "4.29.1",
        "@rollup/rollup-win32-arm64-msvc": "4.29.1",
        "@rollup/rollup-win32-ia32-msvc": "4.29.1",
        "@rollup/rollup-win32-x64-msvc": "4.29.1",
        "fsevents": "~2.3.2"
      }
    },
    "node_modules/sanitize.css": {
      "version": "13.0.0",
      "resolved": "https://registry.npmjs.org/sanitize.css/-/sanitize.css-13.0.0.tgz",
      "integrity": "sha512-ZRwKbh/eQ6w9vmTjkuG0Ioi3HBwPFce0O+v//ve+aOq1oeCy7jMV2qzzAlpsNuqpqCBjjriM1lbtZbF/Q8jVyA==",
      "license": "CC0-1.0"
    },
    "node_modules/source-map-js": {
      "version": "1.2.1",
      "resolved": "https://registry.npmjs.org/source-map-js/-/source-map-js-1.2.1.tgz",
      "integrity": "sha512-UXWMKhLOwVKb728IUtQPXxfYU+usdybtUrK/8uGE8CQMvrhOpwvzDBwj0QhSL7MQc7vIsISBG8VQ8+IDQxpfQA==",
      "license": "BSD-3-Clause",
      "engines": {
        "node": ">=0.10.0"
      }
    },
    "node_modules/supports-preserve-symlinks-flag": {
      "version": "1.0.0",
      "resolved": "https://registry.npmjs.org/supports-preserve-symlinks-flag/-/supports-preserve-symlinks-flag-1.0.0.tgz",
      "integrity": "sha512-ot0WnXS9fgdkgIcePe6RHNk1WA8+muPa6cSjeR3V8K27q9BB1rTE3R1p7Hv0z1ZyAc8s6Vvv8DIyWf681MAt0w==",
      "dev": true,
      "license": "MIT",
      "engines": {
        "node": ">= 0.4"
      },
      "funding": {
        "url": "https://github.com/sponsors/ljharb"
      }
    },
    "node_modules/update-browserslist-db": {
      "version": "1.1.1",
      "resolved": "https://registry.npmjs.org/update-browserslist-db/-/update-browserslist-db-1.1.1.tgz",
      "integrity": "sha512-R8UzCaa9Az+38REPiJ1tXlImTJXlVfgHZsglwBD/k6nj76ctsH1E3q4doGrukiLQd3sGQYu56r5+lo5r94l29A==",
      "funding": [
        {
          "type": "opencollective",
          "url": "https://opencollective.com/browserslist"
        },
        {
          "type": "tidelift",
          "url": "https://tidelift.com/funding/github/npm/browserslist"
        },
        {
          "type": "github",
          "url": "https://github.com/sponsors/ai"
        }
      ],
      "license": "MIT",
      "dependencies": {
        "escalade": "^3.2.0",
        "picocolors": "^1.1.0"
      },
      "bin": {
        "update-browserslist-db": "cli.js"
      },
      "peerDependencies": {
        "browserslist": ">= 4.21.0"
      }
    }
  }
}
